
Microsoft Visual Studio Solution File, Format Version 12.00
# Visual Studio Version 16
VisualStudioVersion = 16.0.29215.179
MinimumVisualStudioVersion = 10.0.40219.1
Project("{FAE04EC0-301F-11D3-BF4B-00C04F79EFBC}") = "CarFactory", "CarFactory\CarFactory.csproj", "{AA9E06D5-C094-458D-B2F3-0AD407FE6AC7}"
EndProject
Global
	GlobalSection(SolutionConfigurationPlatforms) = preSolution
		Debug|Any CPU = Debug|Any CPU
		Release|Any CPU = Release|Any CPU
	EndGlobalSection
	GlobalSection(ProjectConfigurationPlatforms) = postSolution
		{AA9E06D5-C094-458D-B2F3-0AD407FE6AC7}.Debug|Any CPU.ActiveCfg = Debug|Any CPU
		{AA9E06D5-C094-458D-B2F3-0AD407FE6AC7}.Debug|Any CPU.Build.0 = Debug|Any CPU
		{AA9E06D5-C094-458D-B2F3-0AD407FE6AC7}.Release|Any CPU.ActiveCfg = Release|Any CPU
		{AA9E06D5-C094-458D-B2F3-0AD407FE6AC7}.Release|Any CPU.Build.0 = Release|Any CPU
	EndGlobalSection
	GlobalSection(SolutionProperties) = preSolution
		HideSolutionNode = FALSE
	EndGlobalSection
	GlobalSection(ExtensibilityGlobals) = postSolution
		SolutionGuid = {91C5996B-78FD-4725-A88E-AE95478F2C01}
	EndGlobalSection
EndGlobal
